
Microsoft Visual Studio Solution File, Format Version 12.00
# Visual Studio Version 16
VisualStudioVersion = 16.0.28902.138
MinimumVisualStudioVersion = 10.0.40219.1
Project("{FAE04EC0-301F-11D3-BF4B-00C04F79EFBC}") = "SolarPanelAPI", "SolarPanelAPI\SolarPanelAPI.csproj", "{78627926-1926-4D5A-8807-521D6DFD7012}"
EndProject
Global
	GlobalSection(SolutionConfigurationPlatforms) = preSolution
		Debug|Any CPU = Debug|Any CPU
		Release|Any CPU = Release|Any CPU
	EndGlobalSection
	GlobalSection(ProjectConfigurationPlatforms) = postSolution
		{78627926-1926-4D5A-8807-521D6DFD7012}.Debug|Any CPU.ActiveCfg = Debug|Any CPU
		{78627926-1926-4D5A-8807-521D6DFD7012}.Debug|Any CPU.Build.0 = Debug|Any CPU
		{78627926-1926-4D5A-8807-521D6DFD7012}.Release|Any CPU.ActiveCfg = Release|Any CPU
		{78627926-1926-4D5A-8807-521D6DFD7012}.Release|Any CPU.Build.0 = Release|Any CPU
	EndGlobalSection
	GlobalSection(SolutionProperties) = preSolution
		HideSolutionNode = FALSE
	EndGlobalSection
	GlobalSection(ExtensibilityGlobals) = postSolution
		SolutionGuid = {E1F81D43-D979-4745-8B9C-6BEA1AB58576}
	EndGlobalSection
EndGlobal
